// !$*UTF8*$!
{
	archiveVersion = 1;
	classes = {
	};
	objectVersion = 77;
	objects = {

/* Begin PBXContainerItemProxy section */
		48B2550A2EE2DECF007FB782 /* PBXContainerItemProxy */ = {
			isa = PBXContainerItemProxy;
			containerPortal = 48B254EB2EE2DECD007FB782 /* Project object */;
			proxyType = 1;
			remoteGlobalIDString = 48B254F22EE2DECD007FB782;
			remoteInfo = Tetris_UIKit;
		};
		48B255142EE2DECF007FB782 /* PBXContainerItemProxy */ = {
			isa = PBXContainerItemProxy;
			containerPortal = 48B254EB2EE2DECD007FB782 /* Project object */;
			proxyType = 1;
			remoteGlobalIDString = 48B254F22EE2DECD007FB782;
			remoteInfo = Tetris_UIKit;
		};
/* End PBXContainerItemProxy section */

/* Begin PBXFileReference section */
		48B254F32EE2DECD007FB782 /* Tetris_UIKit.app */ = {isa = PBXFileReference; explicitFileType = wrapper.application; includeInIndex = 0; path = Tetris_UIKit.app; sourceTree = BUILT_PRODUCTS_DIR; };
		48B255092EE2DECF007FB782 /* Tetris_UIKitTests.xctest */ = {isa = PBXFileReference; explicitFileType = wrapper.cfbundle; includeInIndex = 0; path = Tetris_UIKitTests.xctest; sourceTree = BUILT_PRODUCTS_DIR; };
		48B255132EE2DECF007FB782 /* Tetris_UIKitUITests.xctest */ = {isa = PBXFileReference; explicitFileType = wrapper.cfbundle; includeInIndex = 0; path = Tetris_UIKitUITests.xctest; sourceTree = BUILT_PRODUCTS_DIR; };
/* End PBXFileReference section */

/* Begin PBXFileSystemSynchronizedBuildFileExceptionSet section */
		48B2551B2EE2DECF007FB782 /* Exceptions for "Tetris_UIKit" folder in "Tetris_UIKit" target */ = {
			isa = PBXFileSystemSynchronizedBuildFileExceptionSet;
			membershipExceptions = (
				Info.plist,
			);
			target = 48B254F22EE2DECD007FB782 /* Tetris_UIKit */;
		};
/* End PBXFileSystemSynchronizedBuildFileExceptionSet section */

/* Begin PBXFileSystemSynchronizedRootGroup section */
		48B254F52EE2DECD007FB782 /* Tetris_UIKit */ = {
			isa = PBXFileSystemSynchronizedRootGroup;
			exceptions = (
				48B2551B2EE2DECF007FB782 /* Exceptions for "Tetris_UIKit" folder in "Tetris_UIKit" target */,
			);
			path = Tetris_UIKit;
			sourceTree = "<group>";
		};
		48B2550C2EE2DECF007FB782 /* Tetris_UIKitTests */ = {
			isa = PBXFileSystemSynchronizedRootGroup;
			path = Tetris_UIKitTests;
			sourceTree = "<group>";
		};
		48B255162EE2DECF007FB782 /* Tetris_UIKitUITests */ = {
			isa = PBXFileSystemSynchronizedRootGroup;
			path = Tetris_UIKitUITests;
			sourceTree = "<group>";
		};
/* End PBXFileSystemSynchronizedRootGroup section */

/* Begin PBXFrameworksBuildPhase section */
		48B254F02EE2DECD007FB782 /* Frameworks */ = {
			isa = PBXFrameworksBuildPhase;
			buildActionMask = 2147483647;
			files = (
			);
			runOnlyForDeploymentPostprocessing = 0;
		};
		48B255062EE2DECF007FB782 /* Frameworks */ = {
			isa = PBXFrameworksBuildPhase;
			buildActionMask = 2147483647;
			files = (
			);
			runOnlyForDeploymentPostprocessing = 0;
		};
		48B255102EE2DECF007FB782 /* Frameworks */ = {
			isa = PBXFrameworksBuildPhase;
			buildActionMask = 2147483647;
			files = (
			);
			runOnlyForDeploymentPostprocessing = 0;
		};
/* End PBXFrameworksBuildPhase section */

/* Begin PBXGroup section */
		48B254EA2EE2DECD007FB782 = {
			isa = PBXGroup;
			children = (
				48B254F52EE2DECD007FB782 /* Tetris_UIKit */,
				48B2550C2EE2DECF007FB782 /* Tetris_UIKitTests */,
				48B255162EE2DECF007FB782 /* Tetris_UIKitUITests */,
				48B254F42EE2DECD007FB782 /* Products */,
			);
			sourceTree = "<group>";
		};
		48B254F42EE2DECD007FB782 /* Products */ = {
			isa = PBXGroup;
			children = (
				48B254F32EE2DECD007FB782 /* Tetris_UIKit.app */,
				48B255092EE2DECF007FB782 /* Tetris_UIKitTests.xctest */,
				48B255132EE2DECF007FB782 /* Tetris_UIKitUITests.xctest */,
			);
			name = Products;
			sourceTree = "<group>";
		};
/* End PBXGroup section */

/* Begin PBXNativeTarget section */
		48B254F22EE2DECD007FB782 /* Tetris_UIKit */ = {
			isa = PBXNativeTarget;
			buildConfigurationList = 48B2551C2EE2DECF007FB782 /* Build configuration list for PBXNativeTarget "Tetris_UIKit" */;
			buildPhases = (
				48B254EF2EE2DECD007FB782 /* Sources */,
				48B254F02EE2DECD007FB782 /* Frameworks */,
				48B254F12EE2DECD007FB782 /* Resources */,
			);
			buildRules = (
			);
			dependencies = (
			);
			fileSystemSynchronizedGroups = (
				48B254F52EE2DECD007FB782 /* Tetris_UIKit */,
			);
			name = Tetris_UIKit;
			packageProductDependencies = (
			);
			productName = Tetris_UIKit;
			productReference = 48B254F32EE2DECD007FB782 /* Tetris_UIKit.app */;
			productType = "com.apple.product-type.application";
		};
		48B255082EE2DECF007FB782 /* Tetris_UIKitTests */ = {
			isa = PBXNativeTarget;
			buildConfigurationList = 48B255212EE2DECF007FB782 /* Build configuration list for PBXNativeTarget "Tetris_UIKitTests" */;
			buildPhases = (
				48B255052EE2DECF007FB782 /* Sources */,
				48B255062EE2DECF007FB782 /* Frameworks */,
				48B255072EE2DECF007FB782 /* Resources */,
			);
			buildRules = (
			);
			dependencies = (
				48B2550B2EE2DECF007FB782 /* PBXTargetDependency */,
			);
			fileSystemSynchronizedGroups = (
				48B2550C2EE2DECF007FB782 /* Tetris_UIKitTests */,
			);
			name = Tetris_UIKitTests;
			packageProductDependencies = (
			);
			productName = Tetris_UIKitTests;
			productReference = 48B255092EE2DECF007FB782 /* Tetris_UIKitTests.xctest */;
			productType = "com.apple.product-type.bundle.unit-test";
		};
		48B255122EE2DECF007FB782 /* Tetris_UIKitUITests */ = {
			isa = PBXNativeTarget;
			buildConfigurationList = 48B255242EE2DECF007FB782 /* Build configuration list for PBXNativeTarget "Tetris_UIKitUITests" */;
			buildPhases = (
				48B2550F2EE2DECF007FB782 /* Sources */,
				48B255102EE2DECF007FB782 /* Frameworks */,
				48B255112EE2DECF007FB782 /* Resources */,
			);
			buildRules = (
			);
			dependencies = (
				48B255152EE2DECF007FB782 /* PBXTargetDependency */,
			);
			fileSystemSynchronizedGroups = (
				48B255162EE2DECF007FB782 /* Tetris_UIKitUITests */,
			);
			name = Tetris_UIKitUITests;
			packageProductDependencies = (
			);
			productName = Tetris_UIKitUITests;
			productReference = 48B255132EE2DECF007FB782 /* Tetris_UIKitUITests.xctest */;
			productType = "com.apple.product-type.bundle.ui-testing";
		};
/* End PBXNativeTarget section */

/* Begin PBXProject section */
		48B254EB2EE2DECD007FB782 /* Project object */ = {
			isa = PBXProject;
			attributes = {
				BuildIndependentTargetsInParallel = 1;
				LastSwiftUpdateCheck = 2610;
				LastUpgradeCheck = 2610;
				TargetAttributes = {
					48B254F22EE2DECD007FB782 = {
						CreatedOnToolsVersion = 26.1.1;
					};
					48B255082EE2DECF007FB782 = {
						CreatedOnToolsVersion = 26.1.1;
						TestTargetID = 48B254F22EE2DECD007FB782;
					};
					48B255122EE2DECF007FB782 = {
						CreatedOnToolsVersion = 26.1.1;
						TestTargetID = 48B254F22EE2DECD007FB782;
					};
				};
			};
			buildConfigurationList = 48B254EE2EE2DECD007FB782 /* Build configuration list for PBXProject "Tetris_UIKit" */;
			developmentRegion = en;
			hasScannedForEncodings = 0;
			knownRegions = (
				en,
				Base,
			);
			mainGroup = 48B254EA2EE2DECD007FB782;
			minimizedProjectReferenceProxies = 1;
			preferredProjectObjectVersion = 77;
			productRefGroup = 48B254F42EE2DECD007FB782 /* Products */;
			projectDirPath = "";
			projectRoot = "";
			targets = (
				48B254F22EE2DECD007FB782 /* Tetris_UIKit */,
				48B255082EE2DECF007FB782 /* Tetris_UIKitTests */,
				48B255122EE2DECF007FB782 /* Tetris_UIKitUITests */,
			);
		};
/* End PBXProject section */

/* Begin PBXResourcesBuildPhase section */
		48B254F12EE2DECD007FB782 /* Resources */ = {
			isa = PBXResourcesBuildPhase;
			buildActionMask = 2147483647;
			files = (
			);
			runOnlyForDeploymentPostprocessing = 0;
		};
		48B255072EE2DECF007FB782 /* Resources */ = {
			isa = PBXResourcesBuildPhase;
			buildActionMask = 2147483647;
			files = (
			);
			runOnlyForDeploymentPostprocessing = 0;
		};
		48B255112EE2DECF007FB782 /* Resources */ = {
			isa = PBXResourcesBuildPhase;
			buildActionMask = 2147483647;
			files = (
			);
			runOnlyForDeploymentPostprocessing = 0;
		};
/* End PBXResourcesBuildPhase section */

/* Begin PBXSourcesBuildPhase section */
		48B254EF2EE2DECD007FB782 /* Sources */ = {
			isa = PBXSourcesBuildPhase;
			buildActionMask = 2147483647;
			files = (
			);
			runOnlyForDeploymentPostprocessing = 0;
		};
		48B255052EE2DECF007FB782 /* Sources */ = {
			isa = PBXSourcesBuildPhase;
			buildActionMask = 2147483647;
			files = (
			);
			runOnlyForDeploymentPostprocessing = 0;
		};
		48B2550F2EE2DECF007FB782 /* Sources */ = {
			isa = PBXSourcesBuildPhase;
			buildActionMask = 2147483647;
			files = (
			);
			runOnlyForDeploymentPostprocessing = 0;
		};
/* End PBXSourcesBuildPhase section */

/* Begin PBXTargetDependency section */
		48B2550B2EE2DECF007FB782 /* PBXTargetDependency */ = {
			isa = PBXTargetDependency;
			target = 48B254F22EE2DECD007FB782 /* Tetris_UIKit */;
			targetProxy = 48B2550A2EE2DECF007FB782 /* PBXContainerItemProxy */;
		};
		48B255152EE2DECF007FB782 /* PBXTargetDependency */ = {
			isa = PBXTargetDependency;
			target = 48B254F22EE2DECD007FB782 /* Tetris_UIKit */;
			targetProxy = 48B255142EE2DECF007FB782 /* PBXContainerItemProxy */;
		};
/* End PBXTargetDependency section */

/* Begin XCBuildConfiguration section */
		48B2551D2EE2DECF007FB782 /* Debug */ = {
			isa = XCBuildConfiguration;
			buildSettings = {
				ASSETCATALOG_COMPILER_APPICON_NAME = AppIcon;
				ASSETCATALOG_COMPILER_GLOBAL_ACCENT_COLOR_NAME = AccentColor;
				CODE_SIGN_STYLE = Automatic;
				CURRENT_PROJECT_VERSION = 1;
				GENERATE_INFOPLIST_FILE = YES;
				INFOPLIST_FILE = Tetris_UIKit/Info.plist;
				INFOPLIST_KEY_UIApplicationSupportsIndirectInputEvents = YES;
				INFOPLIST_KEY_UILaunchStoryboardName = LaunchScreen;
				INFOPLIST_KEY_UIMainStoryboardFile = Main;
				INFOPLIST_KEY_UISupportedInterfaceOrientations_iPad = "UIInterfaceOrientationPortrait UIInterfaceOrientationPortraitUpsideDown UIInterfaceOrientationLandscapeLeft UIInterfaceOrientationLandscapeRight";
				INFOPLIST_KEY_UISupportedInterfaceOrientations_iPhone = "UIInterfaceOrientationPortrait UIInterfaceOrientationLandscapeLeft UIInterfaceOrientationLandscapeRight";
				LD_RUNPATH_SEARCH_PATHS = (
					"$(inherited)",
					"@executable_path/Frameworks",
				);
				MARKETING_VERSION = 1.0;
				PRODUCT_BUNDLE_IDENTIFIER = "S21.Tetris-UIKit";
				PRODUCT_NAME = "$(TARGET_NAME)";
				STRING_CATALOG_GENERATE_SYMBOLS = YES;
				SWIFT_APPROACHABLE_CONCURRENCY = YES;
				SWIFT_DEFAULT_ACTOR_ISOLATION = MainActor;
				SWIFT_EMIT_LOC_STRINGS = YES;
				SWIFT_UPCOMING_FEATURE_MEMBER_IMPORT_VISIBILITY = YES;
				SWIFT_VERSION = 5.0;
				TARGETED_DEVICE_FAMILY = "1,2";
			};
			name = Debug;
		};
		48B2551E2EE2DECF007FB782 /* Release */ = {
			isa = XCBuildConfiguration;
			buildSettings = {
				ASSETCATALOG_COMPILER_APPICON_NAME = AppIcon;
				ASSETCATALOG_COMPILER_GLOBAL_ACCENT_COLOR_NAME = AccentColor;
				CODE_SIGN_STYLE = Automatic;
				CURRENT_PROJECT_VERSION = 1;
				GENERATE_INFOPLIST_FILE = YES;
				INFOPLIST_FILE = Tetris_UIKit/Info.plist;
				INFOPLIST_KEY_UIApplicationSupportsIndirectInputEvents = YES;
				INFOPLIST_KEY_UILaunchStoryboardName = LaunchScreen;
				INFOPLIST_KEY_UIMainStoryboardFile = Main;
				INFOPLIST_KEY_UISupportedInterfaceOrientations_iPad = "UIInterfaceOrientationPortrait UIInterfaceOrientationPortraitUpsideDown UIInterfaceOrientationLandscapeLeft UIInterfaceOrientationLandscapeRight";
				INFOPLIST_KEY_UISupportedInterfaceOrientations_iPhone = "UIInterfaceOrientationPortrait UIInterfaceOrientationLandscapeLeft UIInterfaceOrientationLandscapeRight";
				LD_RUNPATH_SEARCH_PATHS = (
					"$(inherited)",
					"@executable_path/Frameworks",
				);
				MARKETING_VERSION = 1.0;
				PRODUCT_BUNDLE_IDENTIFIER = "S21.Tetris-UIKit";
				PRODUCT_NAME = "$(TARGET_NAME)";
				STRING_CATALOG_GENERATE_SYMBOLS = YES;
				SWIFT_APPROACHABLE_CONCURRENCY = YES;
				SWIFT_DEFAULT_ACTOR_ISOLATION = MainActor;
				SWIFT_EMIT_LOC_STRINGS = YES;
				SWIFT_UPCOMING_FEATURE_MEMBER_IMPORT_VISIBILITY = YES;
				SWIFT_VERSION = 5.0;
				TARGETED_DEVICE_FAMILY = "1,2";
			};
			name = Release;
		};
		48B2551F2EE2DECF007FB782 /* Debug */ = {
			isa = XCBuildConfiguration;
			buildSettings = {
				ALWAYS_SEARCH_USER_PATHS = NO;
				ASSETCATALOG_COMPILER_GENERATE_SWIFT_ASSET_SYMBOL_EXTENSIONS = YES;
				CLANG_ANALYZER_NONNULL = YES;
				CLANG_ANALYZER_NUMBER_OBJECT_CONVERSION = YES_AGGRESSIVE;
				CLANG_CXX_LANGUAGE_STANDARD = "gnu++20";
				CLANG_ENABLE_MODULES = YES;
				CLANG_ENABLE_OBJC_ARC = YES;
				CLANG_ENABLE_OBJC_WEAK = YES;
				CLANG_WARN_BLOCK_CAPTURE_AUTORELEASING = YES;
				CLANG_WARN_BOOL_CONVERSION = YES;
				CLANG_WARN_COMMA = YES;
				CLANG_WARN_CONSTANT_CONVERSION = YES;
				CLANG_WARN_DEPRECATED_OBJC_IMPLEMENTATIONS = YES;
				CLANG_WARN_DIRECT_OBJC_ISA_USAGE = YES_ERROR;
				CLANG_WARN_DOCUMENTATION_COMMENTS = YES;
				CLANG_WARN_EMPTY_BODY = YES;
				CLANG_WARN_ENUM_CONVERSION = YES;
				CLANG_WARN_INFINITE_RECURSION = YES;
				CLANG_WARN_INT_CONVERSION = YES;
				CLANG_WARN_NON_LITERAL_NULL_CONVERSION = YES;
				CLANG_WARN_OBJC_IMPLICIT_RETAIN_SELF = YES;
				CLANG_WARN_OBJC_LITERAL_CONVERSION = YES;
				CLANG_WARN_OBJC_ROOT_CLASS = YES_ERROR;
				CLANG_WARN_QUOTED_INCLUDE_IN_FRAMEWORK_HEADER = YES;
				CLANG_WARN_RANGE_LOOP_ANALYSIS = YES;
				CLANG_WARN_STRICT_PROTOTYPES = YES;
				CLANG_WARN_SUSPICIOUS_MOVE = YES;
				CLANG_WARN_UNGUARDED_AVAILABILITY = YES_AGGRESSIVE;
				CLANG_WARN_UNREACHABLE_CODE = YES;
				CLANG_WARN__DUPLICATE_METHOD_MATCH = YES;
				COPY_PHASE_STRIP = NO;
				DEBUG_INFORMATION_FORMAT = dwarf;
				ENABLE_STRICT_OBJC_MSGSEND = YES;
				ENABLE_TESTABILITY = YES;
				ENABLE_USER_SCRIPT_SANDBOXING = YES;
				GCC_C_LANGUAGE_STANDARD = gnu17;
				GCC_DYNAMIC_NO_PIC = NO;
				GCC_NO_COMMON_BLOCKS = YES;
				GCC_OPTIMIZATION_LEVEL = 0;
				GCC_PREPROCESSOR_DEFINITIONS = (
					"DEBUG=1",
					"$(inherited)",
				);
				GCC_WARN_64_TO_32_BIT_CONVERSION = YES;
				GCC_WARN_ABOUT_RETURN_TYPE = YES_ERROR;
				GCC_WARN_UNDECLARED_SELECTOR = YES;
				GCC_WARN_UNINITIALIZED_AUTOS = YES_AGGRESSIVE;
				GCC_WARN_UNUSED_FUNCTION = YES;
				GCC_WARN_UNUSED_VARIABLE = YES;
				IPHONEOS_DEPLOYMENT_TARGET = 26.1;
				LOCALIZATION_PREFERS_STRING_CATALOGS = YES;
				MTL_ENABLE_DEBUG_INFO = INCLUDE_SOURCE;
				MTL_FAST_MATH = YES;
				ONLY_ACTIVE_ARCH = YES;
				SDKROOT = iphoneos;
				SWIFT_ACTIVE_COMPILATION_CONDITIONS = "DEBUG $(inherited)";
				SWIFT_OPTIMIZATION_LEVEL = "-Onone";
			};
			name = Debug;
		};
		48B255202EE2DECF007FB782 /* Release */ = {
			isa = XCBuildConfiguration;
			buildSettings = {
				ALWAYS_SEARCH_USER_PATHS = NO;
				ASSETCATALOG_COMPILER_GENERATE_SWIFT_ASSET_SYMBOL_EXTENSIONS = YES;
				CLANG_ANALYZER_NONNULL = YES;
				CLANG_ANALYZER_NUMBER_OBJECT_CONVERSION = YES_AGGRESSIVE;
				CLANG_CXX_LANGUAGE_STANDARD = "gnu++20";
				CLANG_ENABLE_MODULES = YES;
				CLANG_ENABLE_OBJC_ARC = YES;
				CLANG_ENABLE_OBJC_WEAK = YES;
				CLANG_WARN_BLOCK_CAPTURE_AUTORELEASING = YES;
				CLANG_WARN_BOOL_CONVERSION = YES;
				CLANG_WARN_COMMA = YES;
				CLANG_WARN_CONSTANT_CONVERSION = YES;
				CLANG_WARN_DEPRECATED_OBJC_IMPLEMENTATIONS = YES;
				CLANG_WARN_DIRECT_OBJC_ISA_USAGE = YES_ERROR;
				CLANG_WARN_DOCUMENTATION_COMMENTS = YES;
				CLANG_WARN_EMPTY_BODY = YES;
				CLANG_WARN_ENUM_CONVERSION = YES;
				CLANG_WARN_INFINITE_RECURSION = YES;
				CLANG_WARN_INT_CONVERSION = YES;
				CLANG_WARN_NON_LITERAL_NULL_CONVERSION = YES;
				CLANG_WARN_OBJC_IMPLICIT_RETAIN_SELF = YES;
				CLANG_WARN_OBJC_LITERAL_CONVERSION = YES;
				CLANG_WARN_OBJC_ROOT_CLASS = YES_ERROR;
				CLANG_WARN_QUOTED_INCLUDE_IN_FRAMEWORK_HEADER = YES;
				CLANG_WARN_RANGE_LOOP_ANALYSIS = YES;
				CLANG_WARN_STRICT_PROTOTYPES = YES;
				CLANG_WARN_SUSPICIOUS_MOVE = YES;
				CLANG_WARN_UNGUARDED_AVAILABILITY = YES_AGGRESSIVE;
				CLANG_WARN_UNREACHABLE_CODE = YES;
				CLANG_WARN__DUPLICATE_METHOD_MATCH = YES;
				COPY_PHASE_STRIP = NO;
				DEBUG_INFORMATION_FORMAT = "dwarf-with-dsym";
				ENABLE_NS_ASSERTIONS = NO;
				ENABLE_STRICT_OBJC_MSGSEND = YES;
				ENABLE_USER_SCRIPT_SANDBOXING = YES;
				GCC_C_LANGUAGE_STANDARD = gnu17;
				GCC_NO_COMMON_BLOCKS = YES;
				GCC_WARN_64_TO_32_BIT_CONVERSION = YES;
				GCC_WARN_ABOUT_RETURN_TYPE = YES_ERROR;
				GCC_WARN_UNDECLARED_SELECTOR = YES;
				GCC_WARN_UNINITIALIZED_AUTOS = YES_AGGRESSIVE;
				GCC_WARN_UNUSED_FUNCTION = YES;
				GCC_WARN_UNUSED_VARIABLE = YES;
				IPHONEOS_DEPLOYMENT_TARGET = 26.1;
				LOCALIZATION_PREFERS_STRING_CATALOGS = YES;
				MTL_ENABLE_DEBUG_INFO = NO;
				MTL_FAST_MATH = YES;
				SDKROOT = iphoneos;
				SWIFT_COMPILATION_MODE = wholemodule;
				VALIDATE_PRODUCT = YES;
			};
			name = Release;
		};
		48B255222EE2DECF007FB782 /* Debug */ = {
			isa = XCBuildConfiguration;
			buildSettings = {
				BUNDLE_LOADER = "$(TEST_HOST)";
				CODE_SIGN_STYLE = Automatic;
				CURRENT_PROJECT_VERSION = 1;
				GENERATE_INFOPLIST_FILE = YES;
				IPHONEOS_DEPLOYMENT_TARGET = 26.1;
				MARKETING_VERSION = 1.0;
				PRODUCT_BUNDLE_IDENTIFIER = "S21.Tetris-UIKitTests";
				PRODUCT_NAME = "$(TARGET_NAME)";
				STRING_CATALOG_GENERATE_SYMBOLS = NO;
				SWIFT_APPROACHABLE_CONCURRENCY = YES;
				SWIFT_EMIT_LOC_STRINGS = NO;
				SWIFT_UPCOMING_FEATURE_MEMBER_IMPORT_VISIBILITY = YES;
				SWIFT_VERSION = 5.0;
				TARGETED_DEVICE_FAMILY = "1,2";
				TEST_HOST = "$(BUILT_PRODUCTS_DIR)/Tetris_UIKit.app/$(BUNDLE_EXECUTABLE_FOLDER_PATH)/Tetris_UIKit";
			};
			name = Debug;
		};
		48B255232EE2DECF007FB782 /* Release */ = {
			isa = XCBuildConfiguration;
			buildSettings = {
				BUNDLE_LOADER = "$(TEST_HOST)";
				CODE_SIGN_STYLE = Automatic;
				CURRENT_PROJECT_VERSION = 1;
				GENERATE_INFOPLIST_FILE = YES;
				IPHONEOS_DEPLOYMENT_TARGET = 26.1;
				MARKETING_VERSION = 1.0;
				PRODUCT_BUNDLE_IDENTIFIER = "S21.Tetris-UIKitTests";
				PRODUCT_NAME = "$(TARGET_NAME)";
				STRING_CATALOG_GENERATE_SYMBOLS = NO;
				SWIFT_APPROACHABLE_CONCURRENCY = YES;
				SWIFT_EMIT_LOC_STRINGS = NO;
				SWIFT_UPCOMING_FEATURE_MEMBER_IMPORT_VISIBILITY = YES;
				SWIFT_VERSION = 5.0;
				TARGETED_DEVICE_FAMILY = "1,2";
				TEST_HOST = "$(BUILT_PRODUCTS_DIR)/Tetris_UIKit.app/$(BUNDLE_EXECUTABLE_FOLDER_PATH)/Tetris_UIKit";
			};
			name = Release;
		};
		48B255252EE2DECF007FB782 /* Debug */ = {
			isa = XCBuildConfiguration;
			buildSettings = {
				CODE_SIGN_STYLE = Automatic;
				CURRENT_PROJECT_VERSION = 1;
				GENERATE_INFOPLIST_FILE = YES;
				MARKETING_VERSION = 1.0;
				PRODUCT_BUNDLE_IDENTIFIER = "S21.Tetris-UIKitUITests";
				PRODUCT_NAME = "$(TARGET_NAME)";
				STRING_CATALOG_GENERATE_SYMBOLS = NO;
				SWIFT_APPROACHABLE_CONCURRENCY = YES;
				SWIFT_EMIT_LOC_STRINGS = NO;
				SWIFT_UPCOMING_FEATURE_MEMBER_IMPORT_VISIBILITY = YES;
				SWIFT_VERSION = 5.0;
				TARGETED_DEVICE_FAMILY = "1,2";
				TEST_TARGET_NAME = Tetris_UIKit;
			};
			name = Debug;
		};
		48B255262EE2DECF007FB782 /* Release */ = {
			isa = XCBuildConfiguration;
			buildSettings = {
				CODE_SIGN_STYLE = Automatic;
				CURRENT_PROJECT_VERSION = 1;
				GENERATE_INFOPLIST_FILE = YES;
				MARKETING_VERSION = 1.0;
				PRODUCT_BUNDLE_IDENTIFIER = "S21.Tetris-UIKitUITests";
				PRODUCT_NAME = "$(TARGET_NAME)";
				STRING_CATALOG_GENERATE_SYMBOLS = NO;
				SWIFT_APPROACHABLE_CONCURRENCY = YES;
				SWIFT_EMIT_LOC_STRINGS = NO;
				SWIFT_UPCOMING_FEATURE_MEMBER_IMPORT_VISIBILITY = YES;
				SWIFT_VERSION = 5.0;
				TARGETED_DEVICE_FAMILY = "1,2";
				TEST_TARGET_NAME = Tetris_UIKit;
			};
			name = Release;
		};
/* End XCBuildConfiguration section */

/* Begin XCConfigurationList section */
		48B254EE2EE2DECD007FB782 /* Build configuration list for PBXProject "Tetris_UIKit" */ = {
			isa = XCConfigurationList;
			buildConfigurations = (
				48B2551F2EE2DECF007FB782 /* Debug */,
				48B255202EE2DECF007FB782 /* Release */,
			);
			defaultConfigurationIsVisible = 0;
			defaultConfigurationName = Release;
		};
		48B2551C2EE2DECF007FB782 /* Build configuration list for PBXNativeTarget "Tetris_UIKit" */ = {
			isa = XCConfigurationList;
			buildConfigurations = (
				48B2551D2EE2DECF007FB782 /* Debug */,
				48B2551E2EE2DECF007FB782 /* Release */,
			);
			defaultConfigurationIsVisible = 0;
			defaultConfigurationName = Release;
		};
		48B255212EE2DECF007FB782 /* Build configuration list for PBXNativeTarget "Tetris_UIKitTests" */ = {
			isa = XCConfigurationList;
			buildConfigurations = (
				48B255222EE2DECF007FB782 /* Debug */,
				48B255232EE2DECF007FB782 /* Release */,
			);
			defaultConfigurationIsVisible = 0;
			defaultConfigurationName = Release;
		};
		48B255242EE2DECF007FB782 /* Build configuration list for PBXNativeTarget "Tetris_UIKitUITests" */ = {
			isa = XCConfigurationList;
			buildConfigurations = (
				48B255252EE2DECF007FB782 /* Debug */,
				48B255262EE2DECF007FB782 /* Release */,
			);
			defaultConfigurationIsVisible = 0;
			defaultConfigurationName = Release;
		};
/* End XCConfigurationList section */
	};
	rootObject = 48B254EB2EE2DECD007FB782 /* Project object */;
}
